{
  "name": "wave",
  "version": "0.0.1",
  "lockfileVersion": 1,
  "requires": true,
  "dependencies": {
    "howler": {
      "version": "2.0.9",
      "resolved": "https://registry.npmjs.org/howler/-/howler-2.0.9.tgz",
      "integrity": "sha512-nBCs3ICTvlgjGYpyl1Xmiz6h9uMo07BRngund64Gm+4yD1MUTV/JAETDR9aPwg29OLh+lnY7M5dLDDlCriKgPw=="
    },
    "id3js": {
      "version": "1.1.3",
      "resolved": "https://registry.npmjs.org/id3js/-/id3js-1.1.3.tgz",
      "integrity": "sha1-a7NEJkCjI2Bqfb7qIPfLk16hcGY="
    }
  }
}
